// !$*UTF8*$!
{
	archiveVersion = 1;
	classes = {
	};
	objectVersion = 50;
	objects = {

/* Begin PBXBuildFile section */
		3F94E09C6EF62DA4D53DED47 /* MyTaskMediator.swift in Sources */ = {isa = PBXBuildFile; fileRef = 3F94EA16C92C3BCC706EB829 /* MyTaskMediator.swift */; };
		3F94E1E29018465AA84BF221 /* TodoListViewModel.swift in Sources */ = {isa = PBXBuildFile; fileRef = 3F94EADB24C0E3CC9956791E /* TodoListViewModel.swift */; };
		3F94E461B5D50838FAC6329D /* MyTaskViewModel.swift in Sources */ = {isa = PBXBuildFile; fileRef = 3F94E0509C1B54F31115505E /* MyTaskViewModel.swift */; };
		3F94E8BF389B9D6CE1BB8E06 /* EditTodoViewModel.swift in Sources */ = {isa = PBXBuildFile; fileRef = 3F94E311AE046D0F5BA87407 /* EditTodoViewModel.swift */; };
		6E2200F12239540000E459B7 /* RxSwift.framework in Frameworks */ = {isa = PBXBuildFile; fileRef = 6E2200F02239540000E459B7 /* RxSwift.framework */; };
		6E2200F4223954BF00E459B7 /* RxCocoa.framework in Frameworks */ = {isa = PBXBuildFile; fileRef = 6E2200F3223954BF00E459B7 /* RxCocoa.framework */; };
		6E5DDBE422363995004F2E65 /* SearchListCell.swift in Sources */ = {isa = PBXBuildFile; fileRef = 6E5DDBE222363995004F2E65 /* SearchListCell.swift */; };
		6E5DDBE522363995004F2E65 /* SearchListCell.xib in Resources */ = {isa = PBXBuildFile; fileRef = 6E5DDBE322363995004F2E65 /* SearchListCell.xib */; };
		6E5DDBE7223649EA004F2E65 /* SearchTaskModel.swift in Sources */ = {isa = PBXBuildFile; fileRef = 6E5DDBE6223649EA004F2E65 /* SearchTaskModel.swift */; };
		6E5DDBE922364F7C004F2E65 /* FilterCategoryViewController.swift in Sources */ = {isa = PBXBuildFile; fileRef = 6E5DDBE822364F7C004F2E65 /* FilterCategoryViewController.swift */; };
		6E5DDBEB22364F9A004F2E65 /* FilterCategoryViewController.storyboard in Resources */ = {isa = PBXBuildFile; fileRef = 6E5DDBEA22364F9A004F2E65 /* FilterCategoryViewController.storyboard */; };
		6E5DDBED2236536E004F2E65 /* CategoryModel.swift in Sources */ = {isa = PBXBuildFile; fileRef = 6E5DDBEC2236536E004F2E65 /* CategoryModel.swift */; };
		6E5DDBEF2237628A004F2E65 /* SearchDetailViewController.swift in Sources */ = {isa = PBXBuildFile; fileRef = 6E5DDBEE2237628A004F2E65 /* SearchDetailViewController.swift */; };
		6E5DDBF12237629E004F2E65 /* SearchDetailViewController.storyboard in Resources */ = {isa = PBXBuildFile; fileRef = 6E5DDBF02237629E004F2E65 /* SearchDetailViewController.storyboard */; };
		6E5DDBF422379479004F2E65 /* ShareListViewController.swift in Sources */ = {isa = PBXBuildFile; fileRef = 6E5DDBF322379479004F2E65 /* ShareListViewController.swift */; };
		6E5DDBF6223794A4004F2E65 /* ShareListViewController.storyboard in Resources */ = {isa = PBXBuildFile; fileRef = 6E5DDBF5223794A4004F2E65 /* ShareListViewController.storyboard */; };
		6E5DDBF8223797AC004F2E65 /* ShareTaskModel.swift in Sources */ = {isa = PBXBuildFile; fileRef = 6E5DDBF7223797AC004F2E65 /* ShareTaskModel.swift */; };
		6E5DDBFA223799C9004F2E65 /* ShareDetailViewController.swift in Sources */ = {isa = PBXBuildFile; fileRef = 6E5DDBF9223799C9004F2E65 /* ShareDetailViewController.swift */; };
		6E5DDBFC223799F1004F2E65 /* ShareDetailViewController.storyboard in Resources */ = {isa = PBXBuildFile; fileRef = 6E5DDBFB223799F1004F2E65 /* ShareDetailViewController.storyboard */; };
		6E5DDBFE2237A08A004F2E65 /* EditShareViewController.swift in Sources */ = {isa = PBXBuildFile; fileRef = 6E5DDBFD2237A08A004F2E65 /* EditShareViewController.swift */; };
		6E5DDC002237A0C6004F2E65 /* EditShareViewController.storyboard in Resources */ = {isa = PBXBuildFile; fileRef = 6E5DDBFF2237A0C6004F2E65 /* EditShareViewController.storyboard */; };
		6E5DDC032237F6FB004F2E65 /* UIColor+extention.swift in Sources */ = {isa = PBXBuildFile; fileRef = 6E5DDC022237F6FB004F2E65 /* UIColor+extention.swift */; };
		6E5DDC082238C3D8004F2E65 /* ImageTextTableCell.swift in Sources */ = {isa = PBXBuildFile; fileRef = 6E5DDC062238C3D8004F2E65 /* ImageTextTableCell.swift */; };
		6E5DDC092238C3D8004F2E65 /* ImageTextTableCell.xib in Resources */ = {isa = PBXBuildFile; fileRef = 6E5DDC072238C3D8004F2E65 /* ImageTextTableCell.xib */; };
		6EA3DA3D223251A4000E1AAA /* AppDelegate.swift in Sources */ = {isa = PBXBuildFile; fileRef = 6EA3DA3C223251A4000E1AAA /* AppDelegate.swift */; };
		6EA3DA42223251A4000E1AAA /* Main.storyboard in Resources */ = {isa = PBXBuildFile; fileRef = 6EA3DA40223251A4000E1AAA /* Main.storyboard */; };
		6EA3DA45223251A4000E1AAA /* TaskBase.xcdatamodeld in Sources */ = {isa = PBXBuildFile; fileRef = 6EA3DA43223251A4000E1AAA /* TaskBase.xcdatamodeld */; };
		6EA3DA47223251A7000E1AAA /* Assets.xcassets in Resources */ = {isa = PBXBuildFile; fileRef = 6EA3DA46223251A7000E1AAA /* Assets.xcassets */; };
		6EA3DA4A223251A7000E1AAA /* LaunchScreen.storyboard in Resources */ = {isa = PBXBuildFile; fileRef = 6EA3DA48223251A7000E1AAA /* LaunchScreen.storyboard */; };
		6EA3DA522233AA1E000E1AAA /* MainTabBarController.swift in Sources */ = {isa = PBXBuildFile; fileRef = 6EA3DA512233AA1E000E1AAA /* MainTabBarController.swift */; };
		6EA3DA552233AC48000E1AAA /* TaskListViewController.swift in Sources */ = {isa = PBXBuildFile; fileRef = 6EA3DA542233AC48000E1AAA /* TaskListViewController.swift */; };
		6EA3DA572233AC7A000E1AAA /* TaskListViewController.storyboard in Resources */ = {isa = PBXBuildFile; fileRef = 6EA3DA562233AC7A000E1AAA /* TaskListViewController.storyboard */; };
		6EA3DA5A2233B19E000E1AAA /* SearchListViewController.swift in Sources */ = {isa = PBXBuildFile; fileRef = 6EA3DA592233B19E000E1AAA /* SearchListViewController.swift */; };
		6EA3DA5C2233B1CA000E1AAA /* SearchListViewController.storyboard in Resources */ = {isa = PBXBuildFile; fileRef = 6EA3DA5B2233B1CA000E1AAA /* SearchListViewController.storyboard */; };
		6EA3DA832234F51D000E1AAA /* VCFactory.swift in Sources */ = {isa = PBXBuildFile; fileRef = 6EA3DA822234F51D000E1AAA /* VCFactory.swift */; };
		6EA3DA8722351AB4000E1AAA /* TodoListViewController.swift in Sources */ = {isa = PBXBuildFile; fileRef = 6EA3DA8622351AB4000E1AAA /* TodoListViewController.swift */; };
		6EA3DA8922351AE8000E1AAA /* TodoListViewController.storyboard in Resources */ = {isa = PBXBuildFile; fileRef = 6EA3DA8822351AE8000E1AAA /* TodoListViewController.storyboard */; };
		6EA3DA8B2235E017000E1AAA /* MyTask.swift in Sources */ = {isa = PBXBuildFile; fileRef = 6EA3DA8A2235E017000E1AAA /* MyTask.swift */; };
		6EA670FE223A08B800B60BF8 /* RxDataSources.framework in Frameworks */ = {isa = PBXBuildFile; fileRef = 6EA670FD223A08B700B60BF8 /* RxDataSources.framework */; };
		6EA67100223A09C700B60BF8 /* Differentiator.framework in Frameworks */ = {isa = PBXBuildFile; fileRef = 6EA670FF223A09C700B60BF8 /* Differentiator.framework */; };
		6EBFC085223602860052A203 /* MyTodo.swift in Sources */ = {isa = PBXBuildFile; fileRef = 6EBFC084223602860052A203 /* MyTodo.swift */; };
		6EBFC087223604230052A203 /* EditTodoViewController.swift in Sources */ = {isa = PBXBuildFile; fileRef = 6EBFC086223604230052A203 /* EditTodoViewController.swift */; };
		6EBFC089223604520052A203 /* EditTodoViewController.storyboard in Resources */ = {isa = PBXBuildFile; fileRef = 6EBFC088223604520052A203 /* EditTodoViewController.storyboard */; };
		6EC8CE7A223A58DA00C15757 /* TaskListViewModel.swift in Sources */ = {isa = PBXBuildFile; fileRef = 6EC8CE79223A58DA00C15757 /* TaskListViewModel.swift */; };
/* End PBXBuildFile section */

/* Begin PBXFileReference section */
		3F94E0509C1B54F31115505E /* MyTaskViewModel.swift */ = {isa = PBXFileReference; fileEncoding = 4; lastKnownFileType = sourcecode.swift; path = MyTaskViewModel.swift; sourceTree = "<group>"; };
		3F94E311AE046D0F5BA87407 /* EditTodoViewModel.swift */ = {isa = PBXFileReference; fileEncoding = 4; lastKnownFileType = sourcecode.swift; path = EditTodoViewModel.swift; sourceTree = "<group>"; };
		3F94EA16C92C3BCC706EB829 /* MyTaskMediator.swift */ = {isa = PBXFileReference; fileEncoding = 4; lastKnownFileType = sourcecode.swift; path = MyTaskMediator.swift; sourceTree = "<group>"; };
		3F94EADB24C0E3CC9956791E /* TodoListViewModel.swift */ = {isa = PBXFileReference; fileEncoding = 4; lastKnownFileType = sourcecode.swift; path = TodoListViewModel.swift; sourceTree = "<group>"; };
		6E2200F02239540000E459B7 /* RxSwift.framework */ = {isa = PBXFileReference; lastKnownFileType = wrapper.framework; name = RxSwift.framework; path = Carthage/Build/iOS/RxSwift.framework; sourceTree = "<group>"; };
		6E2200F3223954BF00E459B7 /* RxCocoa.framework */ = {isa = PBXFileReference; lastKnownFileType = wrapper.framework; name = RxCocoa.framework; path = Carthage/Build/iOS/RxCocoa.framework; sourceTree = "<group>"; };
		6E5DDBE222363995004F2E65 /* SearchListCell.swift */ = {isa = PBXFileReference; lastKnownFileType = sourcecode.swift; path = SearchListCell.swift; sourceTree = "<group>"; };
		6E5DDBE322363995004F2E65 /* SearchListCell.xib */ = {isa = PBXFileReference; lastKnownFileType = file.xib; path = SearchListCell.xib; sourceTree = "<group>"; };
		6E5DDBE6223649EA004F2E65 /* SearchTaskModel.swift */ = {isa = PBXFileReference; lastKnownFileType = sourcecode.swift; path = SearchTaskModel.swift; sourceTree = "<group>"; };
		6E5DDBE822364F7C004F2E65 /* FilterCategoryViewController.swift */ = {isa = PBXFileReference; lastKnownFileType = sourcecode.swift; path = FilterCategoryViewController.swift; sourceTree = "<group>"; };
		6E5DDBEA22364F9A004F2E65 /* FilterCategoryViewController.storyboard */ = {isa = PBXFileReference; lastKnownFileType = file.storyboard; path = FilterCategoryViewController.storyboard; sourceTree = "<group>"; };
		6E5DDBEC2236536E004F2E65 /* CategoryModel.swift */ = {isa = PBXFileReference; lastKnownFileType = sourcecode.swift; path = CategoryModel.swift; sourceTree = "<group>"; };
		6E5DDBEE2237628A004F2E65 /* SearchDetailViewController.swift */ = {isa = PBXFileReference; lastKnownFileType = sourcecode.swift; path = SearchDetailViewController.swift; sourceTree = "<group>"; };
		6E5DDBF02237629E004F2E65 /* SearchDetailViewController.storyboard */ = {isa = PBXFileReference; lastKnownFileType = file.storyboard; path = SearchDetailViewController.storyboard; sourceTree = "<group>"; };
		6E5DDBF322379479004F2E65 /* ShareListViewController.swift */ = {isa = PBXFileReference; lastKnownFileType = sourcecode.swift; path = ShareListViewController.swift; sourceTree = "<group>"; };
		6E5DDBF5223794A4004F2E65 /* ShareListViewController.storyboard */ = {isa = PBXFileReference; lastKnownFileType = file.storyboard; path = ShareListViewController.storyboard; sourceTree = "<group>"; };
		6E5DDBF7223797AC004F2E65 /* ShareTaskModel.swift */ = {isa = PBXFileReference; lastKnownFileType = sourcecode.swift; path = ShareTaskModel.swift; sourceTree = "<group>"; };
		6E5DDBF9223799C9004F2E65 /* ShareDetailViewController.swift */ = {isa = PBXFileReference; lastKnownFileType = sourcecode.swift; path = ShareDetailViewController.swift; sourceTree = "<group>"; };
		6E5DDBFB223799F1004F2E65 /* ShareDetailViewController.storyboard */ = {isa = PBXFileReference; lastKnownFileType = file.storyboard; path = ShareDetailViewController.storyboard; sourceTree = "<group>"; };
		6E5DDBFD2237A08A004F2E65 /* EditShareViewController.swift */ = {isa = PBXFileReference; lastKnownFileType = sourcecode.swift; path = EditShareViewController.swift; sourceTree = "<group>"; };
		6E5DDBFF2237A0C6004F2E65 /* EditShareViewController.storyboard */ = {isa = PBXFileReference; lastKnownFileType = file.storyboard; path = EditShareViewController.storyboard; sourceTree = "<group>"; };
		6E5DDC022237F6FB004F2E65 /* UIColor+extention.swift */ = {isa = PBXFileReference; lastKnownFileType = sourcecode.swift; path = "UIColor+extention.swift"; sourceTree = "<group>"; };
		6E5DDC062238C3D8004F2E65 /* ImageTextTableCell.swift */ = {isa = PBXFileReference; lastKnownFileType = sourcecode.swift; path = ImageTextTableCell.swift; sourceTree = "<group>"; };
		6E5DDC072238C3D8004F2E65 /* ImageTextTableCell.xib */ = {isa = PBXFileReference; lastKnownFileType = file.xib; path = ImageTextTableCell.xib; sourceTree = "<group>"; };
		6EA3DA39223251A4000E1AAA /* TaskBase.app */ = {isa = PBXFileReference; explicitFileType = wrapper.application; includeInIndex = 0; path = TaskBase.app; sourceTree = BUILT_PRODUCTS_DIR; };
		6EA3DA3C223251A4000E1AAA /* AppDelegate.swift */ = {isa = PBXFileReference; lastKnownFileType = sourcecode.swift; path = AppDelegate.swift; sourceTree = "<group>"; };
		6EA3DA41223251A4000E1AAA /* Base */ = {isa = PBXFileReference; lastKnownFileType = file.storyboard; name = Base; path = Base.lproj/Main.storyboard; sourceTree = "<group>"; };
		6EA3DA44223251A4000E1AAA /* TaskBase.xcdatamodel */ = {isa = PBXFileReference; lastKnownFileType = wrapper.xcdatamodel; path = TaskBase.xcdatamodel; sourceTree = "<group>"; };
		6EA3DA46223251A7000E1AAA /* Assets.xcassets */ = {isa = PBXFileReference; lastKnownFileType = folder.assetcatalog; path = Assets.xcassets; sourceTree = "<group>"; };
		6EA3DA49223251A7000E1AAA /* Base */ = {isa = PBXFileReference; lastKnownFileType = file.storyboard; name = Base; path = Base.lproj/LaunchScreen.storyboard; sourceTree = "<group>"; };
		6EA3DA4B223251A7000E1AAA /* Info.plist */ = {isa = PBXFileReference; lastKnownFileType = text.plist.xml; path = Info.plist; sourceTree = "<group>"; };
		6EA3DA512233AA1E000E1AAA /* MainTabBarController.swift */ = {isa = PBXFileReference; lastKnownFileType = sourcecode.swift; path = MainTabBarController.swift; sourceTree = "<group>"; };
		6EA3DA542233AC48000E1AAA /* TaskListViewController.swift */ = {isa = PBXFileReference; lastKnownFileType = sourcecode.swift; path = TaskListViewController.swift; sourceTree = "<group>"; };
		6EA3DA562233AC7A000E1AAA /* TaskListViewController.storyboard */ = {isa = PBXFileReference; lastKnownFileType = file.storyboard; path = TaskListViewController.storyboard; sourceTree = "<group>"; };
		6EA3DA592233B19E000E1AAA /* SearchListViewController.swift */ = {isa = PBXFileReference; lastKnownFileType = sourcecode.swift; path = SearchListViewController.swift; sourceTree = "<group>"; };
		6EA3DA5B2233B1CA000E1AAA /* SearchListViewController.storyboard */ = {isa = PBXFileReference; lastKnownFileType = file.storyboard; path = SearchListViewController.storyboard; sourceTree = "<group>"; };
		6EA3DA822234F51D000E1AAA /* VCFactory.swift */ = {isa = PBXFileReference; lastKnownFileType = sourcecode.swift; path = VCFactory.swift; sourceTree = "<group>"; };
		6EA3DA8622351AB4000E1AAA /* TodoListViewController.swift */ = {isa = PBXFileReference; lastKnownFileType = sourcecode.swift; path = TodoListViewController.swift; sourceTree = "<group>"; };
		6EA3DA8822351AE8000E1AAA /* TodoListViewController.storyboard */ = {isa = PBXFileReference; lastKnownFileType = file.storyboard; path = TodoListViewController.storyboard; sourceTree = "<group>"; };
		6EA3DA8A2235E017000E1AAA /* MyTask.swift */ = {isa = PBXFileReference; lastKnownFileType = sourcecode.swift; path = MyTask.swift; sourceTree = "<group>"; };
		6EA670FD223A08B700B60BF8 /* RxDataSources.framework */ = {isa = PBXFileReference; lastKnownFileType = wrapper.framework; name = RxDataSources.framework; path = Carthage/Build/iOS/RxDataSources.framework; sourceTree = "<group>"; };
		6EA670FF223A09C700B60BF8 /* Differentiator.framework */ = {isa = PBXFileReference; lastKnownFileType = wrapper.framework; name = Differentiator.framework; path = Carthage/Build/iOS/Differentiator.framework; sourceTree = "<group>"; };
		6EBFC084223602860052A203 /* MyTodo.swift */ = {isa = PBXFileReference; lastKnownFileType = sourcecode.swift; path = MyTodo.swift; sourceTree = "<group>"; };
		6EBFC086223604230052A203 /* EditTodoViewController.swift */ = {isa = PBXFileReference; lastKnownFileType = sourcecode.swift; path = EditTodoViewController.swift; sourceTree = "<group>"; };
		6EBFC088223604520052A203 /* EditTodoViewController.storyboard */ = {isa = PBXFileReference; lastKnownFileType = file.storyboard; path = EditTodoViewController.storyboard; sourceTree = "<group>"; };
		6EC8CE79223A58DA00C15757 /* TaskListViewModel.swift */ = {isa = PBXFileReference; lastKnownFileType = sourcecode.swift; path = TaskListViewModel.swift; sourceTree = "<group>"; };
/* End PBXFileReference section */

/* Begin PBXFrameworksBuildPhase section */
		6EA3DA36223251A4000E1AAA /* Frameworks */ = {
			isa = PBXFrameworksBuildPhase;
			buildActionMask = 2147483647;
			files = (
				6EA67100223A09C700B60BF8 /* Differentiator.framework in Frameworks */,
				6EA670FE223A08B800B60BF8 /* RxDataSources.framework in Frameworks */,
				6E2200F4223954BF00E459B7 /* RxCocoa.framework in Frameworks */,
				6E2200F12239540000E459B7 /* RxSwift.framework in Frameworks */,
			);
			runOnlyForDeploymentPostprocessing = 0;
		};
/* End PBXFrameworksBuildPhase section */

/* Begin PBXGroup section */
		6E2200EF2239540000E459B7 /* Frameworks */ = {
			isa = PBXGroup;
			children = (
				6EA670FF223A09C700B60BF8 /* Differentiator.framework */,
				6EA670FD223A08B700B60BF8 /* RxDataSources.framework */,
				6E2200F3223954BF00E459B7 /* RxCocoa.framework */,
				6E2200F02239540000E459B7 /* RxSwift.framework */,
			);
			name = Frameworks;
			sourceTree = "<group>";
		};
		6E5DDBF222379454004F2E65 /* Share */ = {
			isa = PBXGroup;
			children = (
				6E5DDBF322379479004F2E65 /* ShareListViewController.swift */,
				6E5DDBF5223794A4004F2E65 /* ShareListViewController.storyboard */,
				6E5DDBF7223797AC004F2E65 /* ShareTaskModel.swift */,
				6E5DDBF9223799C9004F2E65 /* ShareDetailViewController.swift */,
				6E5DDBFB223799F1004F2E65 /* ShareDetailViewController.storyboard */,
				6E5DDBFD2237A08A004F2E65 /* EditShareViewController.swift */,
				6E5DDBFF2237A0C6004F2E65 /* EditShareViewController.storyboard */,
			);
			path = Share;
			sourceTree = "<group>";
		};
		6E5DDC012237F6D4004F2E65 /* Common */ = {
			isa = PBXGroup;
			children = (
				6E5DDC022237F6FB004F2E65 /* UIColor+extention.swift */,
				6E5DDC062238C3D8004F2E65 /* ImageTextTableCell.swift */,
				6E5DDC072238C3D8004F2E65 /* ImageTextTableCell.xib */,
			);
			path = Common;
			sourceTree = "<group>";
		};
		6EA3DA30223251A4000E1AAA = {
			isa = PBXGroup;
			children = (
				6EA3DA3B223251A4000E1AAA /* TaskBase */,
				6EA3DA3A223251A4000E1AAA /* Products */,
				6E2200EF2239540000E459B7 /* Frameworks */,
			);
			sourceTree = "<group>";
		};
		6EA3DA3A223251A4000E1AAA /* Products */ = {
			isa = PBXGroup;
			children = (
				6EA3DA39223251A4000E1AAA /* TaskBase.app */,
			);
			name = Products;
			sourceTree = "<group>";
		};
		6EA3DA3B223251A4000E1AAA /* TaskBase */ = {
			isa = PBXGroup;
			children = (
				6E5DDC012237F6D4004F2E65 /* Common */,
				6EA3DA812234F4DC000E1AAA /* Factory */,
				6E5DDBF222379454004F2E65 /* Share */,
				6EA3DA582233B176000E1AAA /* Search */,
				6EA3DA532233ABF9000E1AAA /* MyTask */,
				6EA3DA3C223251A4000E1AAA /* AppDelegate.swift */,
				6EA3DA40223251A4000E1AAA /* Main.storyboard */,
				6EA3DA46223251A7000E1AAA /* Assets.xcassets */,
				6EA3DA48223251A7000E1AAA /* LaunchScreen.storyboard */,
				6EA3DA4B223251A7000E1AAA /* Info.plist */,
				6EA3DA43223251A4000E1AAA /* TaskBase.xcdatamodeld */,
				6EA3DA512233AA1E000E1AAA /* MainTabBarController.swift */,
			);
			path = TaskBase;
			sourceTree = "<group>";
		};
		6EA3DA532233ABF9000E1AAA /* MyTask */ = {
			isa = PBXGroup;
			children = (
				6EC8CE78223A58B000C15757 /* ViewModel */,
				6EA3DA542233AC48000E1AAA /* TaskListViewController.swift */,
				6EA3DA562233AC7A000E1AAA /* TaskListViewController.storyboard */,
				6EA3DA8622351AB4000E1AAA /* TodoListViewController.swift */,
				6EA3DA8822351AE8000E1AAA /* TodoListViewController.storyboard */,
				6EA3DA8A2235E017000E1AAA /* MyTask.swift */,
				6EBFC084223602860052A203 /* MyTodo.swift */,
				6EBFC086223604230052A203 /* EditTodoViewController.swift */,
				6EBFC088223604520052A203 /* EditTodoViewController.storyboard */,
				3F94EA16C92C3BCC706EB829 /* MyTaskMediator.swift */,
			);
			path = MyTask;
			sourceTree = "<group>";
		};
		6EA3DA582233B176000E1AAA /* Search */ = {
			isa = PBXGroup;
			children = (
				6EA3DA592233B19E000E1AAA /* SearchListViewController.swift */,
				6EA3DA5B2233B1CA000E1AAA /* SearchListViewController.storyboard */,
				6E5DDBE222363995004F2E65 /* SearchListCell.swift */,
				6E5DDBE322363995004F2E65 /* SearchListCell.xib */,
				6E5DDBE6223649EA004F2E65 /* SearchTaskModel.swift */,
				6E5DDBE822364F7C004F2E65 /* FilterCategoryViewController.swift */,
				6E5DDBEA22364F9A004F2E65 /* FilterCategoryViewController.storyboard */,
				6E5DDBEC2236536E004F2E65 /* CategoryModel.swift */,
				6E5DDBEE2237628A004F2E65 /* SearchDetailViewController.swift */,
				6E5DDBF02237629E004F2E65 /* SearchDetailViewController.storyboard */,
			);
			path = Search;
			sourceTree = "<group>";
		};
		6EA3DA812234F4DC000E1AAA /* Factory */ = {
			isa = PBXGroup;
			children = (
				6EA3DA822234F51D000E1AAA /* VCFactory.swift */,
			);
			path = Factory;
			sourceTree = "<group>";
		};
		6EC8CE78223A58B000C15757 /* ViewModel */ = {
			isa = PBXGroup;
			children = (
				6EC8CE79223A58DA00C15757 /* TaskListViewModel.swift */,
				3F94E0509C1B54F31115505E /* MyTaskViewModel.swift */,
				3F94EADB24C0E3CC9956791E /* TodoListViewModel.swift */,
				3F94E311AE046D0F5BA87407 /* EditTodoViewModel.swift */,
			);
			path = ViewModel;
			sourceTree = "<group>";
		};
/* End PBXGroup section */

/* Begin PBXNativeTarget section */
		6EA3DA38223251A4000E1AAA /* TaskBase */ = {
			isa = PBXNativeTarget;
			buildConfigurationList = 6EA3DA4E223251A7000E1AAA /* Build configuration list for PBXNativeTarget "TaskBase" */;
			buildPhases = (
				6EA3DA35223251A4000E1AAA /* Sources */,
				6EA3DA36223251A4000E1AAA /* Frameworks */,
				6EA3DA37223251A4000E1AAA /* Resources */,
				6E2200F22239542300E459B7 /* ShellScript */,
			);
			buildRules = (
			);
			dependencies = (
			);
			name = TaskBase;
			productName = TaskBase;
			productReference = 6EA3DA39223251A4000E1AAA /* TaskBase.app */;
			productType = "com.apple.product-type.application";
		};
/* End PBXNativeTarget section */

/* Begin PBXProject section */
		6EA3DA31223251A4000E1AAA /* Project object */ = {
			isa = PBXProject;
			attributes = {
				LastSwiftUpdateCheck = 1010;
				LastUpgradeCheck = 1010;
				ORGANIZATIONNAME = "延澤拓郎";
				TargetAttributes = {
					6EA3DA38223251A4000E1AAA = {
						CreatedOnToolsVersion = 10.1;
					};
				};
			};
			buildConfigurationList = 6EA3DA34223251A4000E1AAA /* Build configuration list for PBXProject "TaskBase" */;
			compatibilityVersion = "Xcode 9.3";
			developmentRegion = en;
			hasScannedForEncodings = 0;
			knownRegions = (
				en,
				Base,
			);
			mainGroup = 6EA3DA30223251A4000E1AAA;
			productRefGroup = 6EA3DA3A223251A4000E1AAA /* Products */;
			projectDirPath = "";
			projectRoot = "";
			targets = (
				6EA3DA38223251A4000E1AAA /* TaskBase */,
			);
		};
/* End PBXProject section */

/* Begin PBXResourcesBuildPhase section */
		6EA3DA37223251A4000E1AAA /* Resources */ = {
			isa = PBXResourcesBuildPhase;
			buildActionMask = 2147483647;
			files = (
				6EBFC089223604520052A203 /* EditTodoViewController.storyboard in Resources */,
				6E5DDC002237A0C6004F2E65 /* EditShareViewController.storyboard in Resources */,
				6E5DDBF12237629E004F2E65 /* SearchDetailViewController.storyboard in Resources */,
				6EA3DA4A223251A7000E1AAA /* LaunchScreen.storyboard in Resources */,
				6EA3DA8922351AE8000E1AAA /* TodoListViewController.storyboard in Resources */,
				6EA3DA572233AC7A000E1AAA /* TaskListViewController.storyboard in Resources */,
				6EA3DA47223251A7000E1AAA /* Assets.xcassets in Resources */,
				6E5DDC092238C3D8004F2E65 /* ImageTextTableCell.xib in Resources */,
				6E5DDBE522363995004F2E65 /* SearchListCell.xib in Resources */,
				6EA3DA42223251A4000E1AAA /* Main.storyboard in Resources */,
				6E5DDBFC223799F1004F2E65 /* ShareDetailViewController.storyboard in Resources */,
				6E5DDBF6223794A4004F2E65 /* ShareListViewController.storyboard in Resources */,
				6EA3DA5C2233B1CA000E1AAA /* SearchListViewController.storyboard in Resources */,
				6E5DDBEB22364F9A004F2E65 /* FilterCategoryViewController.storyboard in Resources */,
			);
			runOnlyForDeploymentPostprocessing = 0;
		};
/* End PBXResourcesBuildPhase section */

/* Begin PBXShellScriptBuildPhase section */
		6E2200F22239542300E459B7 /* ShellScript */ = {
			isa = PBXShellScriptBuildPhase;
			buildActionMask = 2147483647;
			files = (
			);
			inputFileListPaths = (
			);
			inputPaths = (
				"$(SRCROOT)/Carthage/Build/iOS/RxSwift.framework",
				"$(SRCROOT)/Carthage/Build/iOS/RxCocoa.framework",
				"$(SRCROOT)/Carthage/Build/iOS/RxDataSources.framework",
				"$(SRCROOT)/Carthage/Build/iOS/Differentiator.framework",
			);
			outputFileListPaths = (
			);
			outputPaths = (
			);
			runOnlyForDeploymentPostprocessing = 0;
			shellPath = /bin/sh;
			shellScript = "# Type a script or drag a script file from your workspace to insert its path.\n/usr/local/bin/carthage copy-frameworks\n\n";
		};
/* End PBXShellScriptBuildPhase section */

/* Begin PBXSourcesBuildPhase section */
		6EA3DA35223251A4000E1AAA /* Sources */ = {
			isa = PBXSourcesBuildPhase;
			buildActionMask = 2147483647;
			files = (
				6E5DDC032237F6FB004F2E65 /* UIColor+extention.swift in Sources */,
				6EC8CE7A223A58DA00C15757 /* TaskListViewModel.swift in Sources */,
				6EA3DA8B2235E017000E1AAA /* MyTask.swift in Sources */,
				6E5DDBFA223799C9004F2E65 /* ShareDetailViewController.swift in Sources */,
				6E5DDBEF2237628A004F2E65 /* SearchDetailViewController.swift in Sources */,
				6E5DDBFE2237A08A004F2E65 /* EditShareViewController.swift in Sources */,
				6E5DDBE922364F7C004F2E65 /* FilterCategoryViewController.swift in Sources */,
				6E5DDBF8223797AC004F2E65 /* ShareTaskModel.swift in Sources */,
				6E5DDBE422363995004F2E65 /* SearchListCell.swift in Sources */,
				6E5DDBE7223649EA004F2E65 /* SearchTaskModel.swift in Sources */,
				6EBFC085223602860052A203 /* MyTodo.swift in Sources */,
				6E5DDBF422379479004F2E65 /* ShareListViewController.swift in Sources */,
				6EA3DA45223251A4000E1AAA /* TaskBase.xcdatamodeld in Sources */,
				6EA3DA8722351AB4000E1AAA /* TodoListViewController.swift in Sources */,
				6EA3DA552233AC48000E1AAA /* TaskListViewController.swift in Sources */,
				6E5DDC082238C3D8004F2E65 /* ImageTextTableCell.swift in Sources */,
				6EA3DA5A2233B19E000E1AAA /* SearchListViewController.swift in Sources */,
				6EA3DA832234F51D000E1AAA /* VCFactory.swift in Sources */,
				6EA3DA3D223251A4000E1AAA /* AppDelegate.swift in Sources */,
				6E5DDBED2236536E004F2E65 /* CategoryModel.swift in Sources */,
				6EBFC087223604230052A203 /* EditTodoViewController.swift in Sources */,
				6EA3DA522233AA1E000E1AAA /* MainTabBarController.swift in Sources */,
				3F94E09C6EF62DA4D53DED47 /* MyTaskMediator.swift in Sources */,
				3F94E461B5D50838FAC6329D /* MyTaskViewModel.swift in Sources */,
				3F94E1E29018465AA84BF221 /* TodoListViewModel.swift in Sources */,
				3F94E8BF389B9D6CE1BB8E06 /* EditTodoViewModel.swift in Sources */,
			);
			runOnlyForDeploymentPostprocessing = 0;
		};
/* End PBXSourcesBuildPhase section */

/* Begin PBXVariantGroup section */
		6EA3DA40223251A4000E1AAA /* Main.storyboard */ = {
			isa = PBXVariantGroup;
			children = (
				6EA3DA41223251A4000E1AAA /* Base */,
			);
			name = Main.storyboard;
			sourceTree = "<group>";
		};
		6EA3DA48223251A7000E1AAA /* LaunchScreen.storyboard */ = {
			isa = PBXVariantGroup;
			children = (
				6EA3DA49223251A7000E1AAA /* Base */,
			);
			name = LaunchScreen.storyboard;
			sourceTree = "<group>";
		};
/* End PBXVariantGroup section */

/* Begin XCBuildConfiguration section */
		6EA3DA4C223251A7000E1AAA /* Debug */ = {
			isa = XCBuildConfiguration;
			buildSettings = {
				ALWAYS_SEARCH_USER_PATHS = NO;
				CLANG_ANALYZER_NONNULL = YES;
				CLANG_ANALYZER_NUMBER_OBJECT_CONVERSION = YES_AGGRESSIVE;
				CLANG_CXX_LANGUAGE_STANDARD = "gnu++14";
				CLANG_CXX_LIBRARY = "libc++";
				CLANG_ENABLE_MODULES = YES;
				CLANG_ENABLE_OBJC_ARC = YES;
				CLANG_ENABLE_OBJC_WEAK = YES;
				CLANG_WARN_BLOCK_CAPTURE_AUTORELEASING = YES;
				CLANG_WARN_BOOL_CONVERSION = YES;
				CLANG_WARN_COMMA = YES;
				CLANG_WARN_CONSTANT_CONVERSION = YES;
				CLANG_WARN_DEPRECATED_OBJC_IMPLEMENTATIONS = YES;
				CLANG_WARN_DIRECT_OBJC_ISA_USAGE = YES_ERROR;
				CLANG_WARN_DOCUMENTATION_COMMENTS = YES;
				CLANG_WARN_EMPTY_BODY = YES;
				CLANG_WARN_ENUM_CONVERSION = YES;
				CLANG_WARN_INFINITE_RECURSION = YES;
				CLANG_WARN_INT_CONVERSION = YES;
				CLANG_WARN_NON_LITERAL_NULL_CONVERSION = YES;
				CLANG_WARN_OBJC_IMPLICIT_RETAIN_SELF = YES;
				CLANG_WARN_OBJC_LITERAL_CONVERSION = YES;
				CLANG_WARN_OBJC_ROOT_CLASS = YES_ERROR;
				CLANG_WARN_RANGE_LOOP_ANALYSIS = YES;
				CLANG_WARN_STRICT_PROTOTYPES = YES;
				CLANG_WARN_SUSPICIOUS_MOVE = YES;
				CLANG_WARN_UNGUARDED_AVAILABILITY = YES_AGGRESSIVE;
				CLANG_WARN_UNREACHABLE_CODE = YES;
				CLANG_WARN__DUPLICATE_METHOD_MATCH = YES;
				CODE_SIGN_IDENTITY = "iPhone Developer";
				COPY_PHASE_STRIP = NO;
				DEBUG_INFORMATION_FORMAT = dwarf;
				ENABLE_STRICT_OBJC_MSGSEND = YES;
				ENABLE_TESTABILITY = YES;
				GCC_C_LANGUAGE_STANDARD = gnu11;
				GCC_DYNAMIC_NO_PIC = NO;
				GCC_NO_COMMON_BLOCKS = YES;
				GCC_OPTIMIZATION_LEVEL = 0;
				GCC_PREPROCESSOR_DEFINITIONS = (
					"DEBUG=1",
					"$(inherited)",
				);
				GCC_WARN_64_TO_32_BIT_CONVERSION = YES;
				GCC_WARN_ABOUT_RETURN_TYPE = YES_ERROR;
				GCC_WARN_UNDECLARED_SELECTOR = YES;
				GCC_WARN_UNINITIALIZED_AUTOS = YES_AGGRESSIVE;
				GCC_WARN_UNUSED_FUNCTION = YES;
				GCC_WARN_UNUSED_VARIABLE = YES;
				IPHONEOS_DEPLOYMENT_TARGET = 12.1;
				MTL_ENABLE_DEBUG_INFO = INCLUDE_SOURCE;
				MTL_FAST_MATH = YES;
				ONLY_ACTIVE_ARCH = YES;
				SDKROOT = iphoneos;
				SWIFT_ACTIVE_COMPILATION_CONDITIONS = DEBUG;
				SWIFT_OPTIMIZATION_LEVEL = "-Onone";
			};
			name = Debug;
		};
		6EA3DA4D223251A7000E1AAA /* Release */ = {
			isa = XCBuildConfiguration;
			buildSettings = {
				ALWAYS_SEARCH_USER_PATHS = NO;
				CLANG_ANALYZER_NONNULL = YES;
				CLANG_ANALYZER_NUMBER_OBJECT_CONVERSION = YES_AGGRESSIVE;
				CLANG_CXX_LANGUAGE_STANDARD = "gnu++14";
				CLANG_CXX_LIBRARY = "libc++";
				CLANG_ENABLE_MODULES = YES;
				CLANG_ENABLE_OBJC_ARC = YES;
				CLANG_ENABLE_OBJC_WEAK = YES;
				CLANG_WARN_BLOCK_CAPTURE_AUTORELEASING = YES;
				CLANG_WARN_BOOL_CONVERSION = YES;
				CLANG_WARN_COMMA = YES;
				CLANG_WARN_CONSTANT_CONVERSION = YES;
				CLANG_WARN_DEPRECATED_OBJC_IMPLEMENTATIONS = YES;
				CLANG_WARN_DIRECT_OBJC_ISA_USAGE = YES_ERROR;
				CLANG_WARN_DOCUMENTATION_COMMENTS = YES;
				CLANG_WARN_EMPTY_BODY = YES;
				CLANG_WARN_ENUM_CONVERSION = YES;
				CLANG_WARN_INFINITE_RECURSION = YES;
				CLANG_WARN_INT_CONVERSION = YES;
				CLANG_WARN_NON_LITERAL_NULL_CONVERSION = YES;
				CLANG_WARN_OBJC_IMPLICIT_RETAIN_SELF = YES;
				CLANG_WARN_OBJC_LITERAL_CONVERSION = YES;
				CLANG_WARN_OBJC_ROOT_CLASS = YES_ERROR;
				CLANG_WARN_RANGE_LOOP_ANALYSIS = YES;
				CLANG_WARN_STRICT_PROTOTYPES = YES;
				CLANG_WARN_SUSPICIOUS_MOVE = YES;
				CLANG_WARN_UNGUARDED_AVAILABILITY = YES_AGGRESSIVE;
				CLANG_WARN_UNREACHABLE_CODE = YES;
				CLANG_WARN__DUPLICATE_METHOD_MATCH = YES;
				CODE_SIGN_IDENTITY = "iPhone Developer";
				COPY_PHASE_STRIP = NO;
				DEBUG_INFORMATION_FORMAT = "dwarf-with-dsym";
				ENABLE_NS_ASSERTIONS = NO;
				ENABLE_STRICT_OBJC_MSGSEND = YES;
				GCC_C_LANGUAGE_STANDARD = gnu11;
				GCC_NO_COMMON_BLOCKS = YES;
				GCC_WARN_64_TO_32_BIT_CONVERSION = YES;
				GCC_WARN_ABOUT_RETURN_TYPE = YES_ERROR;
				GCC_WARN_UNDECLARED_SELECTOR = YES;
				GCC_WARN_UNINITIALIZED_AUTOS = YES_AGGRESSIVE;
				GCC_WARN_UNUSED_FUNCTION = YES;
				GCC_WARN_UNUSED_VARIABLE = YES;
				IPHONEOS_DEPLOYMENT_TARGET = 12.1;
				MTL_ENABLE_DEBUG_INFO = NO;
				MTL_FAST_MATH = YES;
				SDKROOT = iphoneos;
				SWIFT_COMPILATION_MODE = wholemodule;
				SWIFT_OPTIMIZATION_LEVEL = "-O";
				VALIDATE_PRODUCT = YES;
			};
			name = Release;
		};
		6EA3DA4F223251A7000E1AAA /* Debug */ = {
			isa = XCBuildConfiguration;
			buildSettings = {
				ASSETCATALOG_COMPILER_APPICON_NAME = AppIcon;
				CODE_SIGN_STYLE = Automatic;
				FRAMEWORK_SEARCH_PATHS = (
					"$(inherited)",
					"$(PROJECT_DIR)/Carthage/Build/iOS",
				);
				INFOPLIST_FILE = TaskBase/Info.plist;
				LD_RUNPATH_SEARCH_PATHS = (
					"$(inherited)",
					"@executable_path/Frameworks",
				);
				PRODUCT_BUNDLE_IDENTIFIER = cste.jp.TaskBase;
				PRODUCT_NAME = "$(TARGET_NAME)";
				SWIFT_VERSION = 4.2;
				TARGETED_DEVICE_FAMILY = "1,2";
			};
			name = Debug;
		};
		6EA3DA50223251A7000E1AAA /* Release */ = {
			isa = XCBuildConfiguration;
			buildSettings = {
				ASSETCATALOG_COMPILER_APPICON_NAME = AppIcon;
				CODE_SIGN_STYLE = Automatic;
				FRAMEWORK_SEARCH_PATHS = (
					"$(inherited)",
					"$(PROJECT_DIR)/Carthage/Build/iOS",
				);
				INFOPLIST_FILE = TaskBase/Info.plist;
				LD_RUNPATH_SEARCH_PATHS = (
					"$(inherited)",
					"@executable_path/Frameworks",
				);
				PRODUCT_BUNDLE_IDENTIFIER = cste.jp.TaskBase;
				PRODUCT_NAME = "$(TARGET_NAME)";
				SWIFT_VERSION = 4.2;
				TARGETED_DEVICE_FAMILY = "1,2";
			};
			name = Release;
		};
/* End XCBuildConfiguration section */

/* Begin XCConfigurationList section */
		6EA3DA34223251A4000E1AAA /* Build configuration list for PBXProject "TaskBase" */ = {
			isa = XCConfigurationList;
			buildConfigurations = (
				6EA3DA4C223251A7000E1AAA /* Debug */,
				6EA3DA4D223251A7000E1AAA /* Release */,
			);
			defaultConfigurationIsVisible = 0;
			defaultConfigurationName = Release;
		};
		6EA3DA4E223251A7000E1AAA /* Build configuration list for PBXNativeTarget "TaskBase" */ = {
			isa = XCConfigurationList;
			buildConfigurations = (
				6EA3DA4F223251A7000E1AAA /* Debug */,
				6EA3DA50223251A7000E1AAA /* Release */,
			);
			defaultConfigurationIsVisible = 0;
			defaultConfigurationName = Release;
		};
/* End XCConfigurationList section */

/* Begin XCVersionGroup section */
		6EA3DA43223251A4000E1AAA /* TaskBase.xcdatamodeld */ = {
			isa = XCVersionGroup;
			children = (
				6EA3DA44223251A4000E1AAA /* TaskBase.xcdatamodel */,
			);
			currentVersion = 6EA3DA44223251A4000E1AAA /* TaskBase.xcdatamodel */;
			path = TaskBase.xcdatamodeld;
			sourceTree = "<group>";
			versionGroupType = wrapper.xcdatamodel;
		};
/* End XCVersionGroup section */
	};
	rootObject = 6EA3DA31223251A4000E1AAA /* Project object */;
}
